
Microsoft Visual Studio Solution File, Format Version 12.00
# Visual Studio Version 17
VisualStudioVersion = 17.4.33122.133
MinimumVisualStudioVersion = 10.0.40219.1
Project("{FAE04EC0-301F-11D3-BF4B-00C04F79EFBC}") = "SQL Coursework", "SQL Coursework\SQL Coursework.csproj", "{5AB6B943-3623-4067-85D6-EA32C3A0CCD6}"
EndProject
Global
	GlobalSection(SolutionConfigurationPlatforms) = preSolution
		Debug|Any CPU = Debug|Any CPU
		Release|Any CPU = Release|Any CPU
	EndGlobalSection
	GlobalSection(ProjectConfigurationPlatforms) = postSolution
		{5AB6B943-3623-4067-85D6-EA32C3A0CCD6}.Debug|Any CPU.ActiveCfg = Debug|Any CPU
		{5AB6B943-3623-4067-85D6-EA32C3A0CCD6}.Debug|Any CPU.Build.0 = Debug|Any CPU
		{5AB6B943-3623-4067-85D6-EA32C3A0CCD6}.Release|Any CPU.ActiveCfg = Release|Any CPU
		{5AB6B943-3623-4067-85D6-EA32C3A0CCD6}.Release|Any CPU.Build.0 = Release|Any CPU
	EndGlobalSection
	GlobalSection(SolutionProperties) = preSolution
		HideSolutionNode = FALSE
	EndGlobalSection
	GlobalSection(ExtensibilityGlobals) = postSolution
		SolutionGuid = {16AC51BB-0C95-4BE4-921A-3939286E63FC}
	EndGlobalSection
EndGlobal
